
Microsoft Visual Studio Solution File, Format Version 12.00
# Visual Studio Version 16
VisualStudioVersion = 16.0.28721.148
MinimumVisualStudioVersion = 10.0.40219.1
Project("{9A19103F-16F7-4668-BE54-9A1E7A4F7556}") = "Codereflex.Common.Extentions", "Codereflex.Common.Extentions\Codereflex.Common.Extentions.csproj", "{2F11AEE0-9C4B-49CD-9FE7-CF6FFF7EC698}"
EndProject
Project("{FAE04EC0-301F-11D3-BF4B-00C04F79EFBC}") = "Codereflex.Common.Extentions.Tests", "Codereflex.Common.Extentions.Tests\Codereflex.Common.Extentions.Tests.csproj", "{21AB293D-EC45-46E1-8912-375AE18895AF}"
EndProject
Global
	GlobalSection(SolutionConfigurationPlatforms) = preSolution
		Debug|Any CPU = Debug|Any CPU
		Release|Any CPU = Release|Any CPU
	EndGlobalSection
	GlobalSection(ProjectConfigurationPlatforms) = postSolution
		{2F11AEE0-9C4B-49CD-9FE7-CF6FFF7EC698}.Debug|Any CPU.ActiveCfg = Debug|Any CPU
		{2F11AEE0-9C4B-49CD-9FE7-CF6FFF7EC698}.Debug|Any CPU.Build.0 = Debug|Any CPU
		{2F11AEE0-9C4B-49CD-9FE7-CF6FFF7EC698}.Release|Any CPU.ActiveCfg = Release|Any CPU
		{2F11AEE0-9C4B-49CD-9FE7-CF6FFF7EC698}.Release|Any CPU.Build.0 = Release|Any CPU
		{21AB293D-EC45-46E1-8912-375AE18895AF}.Debug|Any CPU.ActiveCfg = Debug|Any CPU
		{21AB293D-EC45-46E1-8912-375AE18895AF}.Debug|Any CPU.Build.0 = Debug|Any CPU
		{21AB293D-EC45-46E1-8912-375AE18895AF}.Release|Any CPU.ActiveCfg = Release|Any CPU
		{21AB293D-EC45-46E1-8912-375AE18895AF}.Release|Any CPU.Build.0 = Release|Any CPU
	EndGlobalSection
	GlobalSection(SolutionProperties) = preSolution
		HideSolutionNode = FALSE
	EndGlobalSection
	GlobalSection(ExtensibilityGlobals) = postSolution
		SolutionGuid = {3A7D4FB0-504A-490A-93D8-52CBD34E8222}
	EndGlobalSection
EndGlobal
