
Microsoft Visual Studio Solution File, Format Version 12.00
# Visual Studio Version 16
VisualStudioVersion = 16.0.28721.148
MinimumVisualStudioVersion = 10.0.40219.1
Project("{2150E333-8FDC-42A3-9474-1A3956D46DE8}") = "Src", "Src", "{FE579F06-7579-4F06-B892-9A17157E8693}"
EndProject
Project("{2150E333-8FDC-42A3-9474-1A3956D46DE8}") = "Docs", "Docs", "{483CFC02-72AC-4FBE-A60A-9C8B03C9EAB1}"
	ProjectSection(SolutionItems) = preProject
		Docs\README.md = Docs\README.md
	EndProjectSection
EndProject
Project("{9A19103F-16F7-4668-BE54-9A1E7A4F7556}") = "Codereflex.Common.Extentions", "Src\Codereflex.Common.Extentions\Codereflex.Common.Extentions.csproj", "{24732520-5726-4C2A-A5EF-D620F1AF3050}"
EndProject
Project("{2150E333-8FDC-42A3-9474-1A3956D46DE8}") = "Tests", "Tests", "{3FAA22CE-F9F4-4E6C-9F23-7EC4724D4534}"
EndProject
Project("{9A19103F-16F7-4668-BE54-9A1E7A4F7556}") = "Codereflex.Common.Extentions.Tests", "Tests\Codereflex.Common.Extentions.Tests\Codereflex.Common.Extentions.Tests.csproj", "{A146F973-1B2D-41C0-873E-FE34D50E365A}"
EndProject
Global
	GlobalSection(SolutionConfigurationPlatforms) = preSolution
		Debug|Any CPU = Debug|Any CPU
		Release|Any CPU = Release|Any CPU
	EndGlobalSection
	GlobalSection(ProjectConfigurationPlatforms) = postSolution
		{24732520-5726-4C2A-A5EF-D620F1AF3050}.Debug|Any CPU.ActiveCfg = Debug|Any CPU
		{24732520-5726-4C2A-A5EF-D620F1AF3050}.Debug|Any CPU.Build.0 = Debug|Any CPU
		{24732520-5726-4C2A-A5EF-D620F1AF3050}.Release|Any CPU.ActiveCfg = Release|Any CPU
		{24732520-5726-4C2A-A5EF-D620F1AF3050}.Release|Any CPU.Build.0 = Release|Any CPU
		{A146F973-1B2D-41C0-873E-FE34D50E365A}.Debug|Any CPU.ActiveCfg = Debug|Any CPU
		{A146F973-1B2D-41C0-873E-FE34D50E365A}.Debug|Any CPU.Build.0 = Debug|Any CPU
		{A146F973-1B2D-41C0-873E-FE34D50E365A}.Release|Any CPU.ActiveCfg = Release|Any CPU
		{A146F973-1B2D-41C0-873E-FE34D50E365A}.Release|Any CPU.Build.0 = Release|Any CPU
	EndGlobalSection
	GlobalSection(SolutionProperties) = preSolution
		HideSolutionNode = FALSE
	EndGlobalSection
	GlobalSection(NestedProjects) = preSolution
		{24732520-5726-4C2A-A5EF-D620F1AF3050} = {FE579F06-7579-4F06-B892-9A17157E8693}
		{A146F973-1B2D-41C0-873E-FE34D50E365A} = {3FAA22CE-F9F4-4E6C-9F23-7EC4724D4534}
	EndGlobalSection
	GlobalSection(ExtensibilityGlobals) = postSolution
		SolutionGuid = {3A7D4FB0-504A-490A-93D8-52CBD34E8222}
	EndGlobalSection
EndGlobal
